
Microsoft Visual Studio Solution File, Format Version 12.00
# Visual Studio 15
VisualStudioVersion = 15.0.28307.329
MinimumVisualStudioVersion = 10.0.40219.1
Project("{FAE04EC0-301F-11D3-BF4B-00C04F79EFBC}") = "api-integrador-sistemas", "api-integrador-sistemas\api-integrador-sistemas.csproj", "{6A40E08F-CF42-4307-803B-BCFC3F48C240}"
EndProject
Global
	GlobalSection(SolutionConfigurationPlatforms) = preSolution
		Debug|Any CPU = Debug|Any CPU
		Release|Any CPU = Release|Any CPU
	EndGlobalSection
	GlobalSection(ProjectConfigurationPlatforms) = postSolution
		{6A40E08F-CF42-4307-803B-BCFC3F48C240}.Debug|Any CPU.ActiveCfg = Debug|Any CPU
		{6A40E08F-CF42-4307-803B-BCFC3F48C240}.Debug|Any CPU.Build.0 = Debug|Any CPU
		{6A40E08F-CF42-4307-803B-BCFC3F48C240}.Release|Any CPU.ActiveCfg = Release|Any CPU
		{6A40E08F-CF42-4307-803B-BCFC3F48C240}.Release|Any CPU.Build.0 = Release|Any CPU
	EndGlobalSection
	GlobalSection(SolutionProperties) = preSolution
		HideSolutionNode = FALSE
	EndGlobalSection
	GlobalSection(ExtensibilityGlobals) = postSolution
		SolutionGuid = {070FAE90-E012-4170-B18C-60EFB1E7A7E5}
	EndGlobalSection
EndGlobal
